	<Project xmlns="http://schemas.microsoft.com/developer/msbuild/2003">
		<PropertyGroup>
			<ProjectGuid>{1972241B-C3A9-40A3-A1CA-14D3BC4ED01A}</ProjectGuid>
			<MainSource>dnako.dpr</MainSource>
			<Config Condition="'$(Config)'==''">デバッグ</Config>
			<DCC_DCCCompiler>DCC32</DCC_DCCCompiler>
			<ProjectVersion>12.0</ProjectVersion>
		</PropertyGroup>
		<PropertyGroup Condition="'$(Config)'=='Base' or '$(Base)'!=''">
			<Base>true</Base>
		</PropertyGroup>
		<PropertyGroup Condition="'$(Config)'=='リリース' or '$(Cfg_1)'!=''">
			<Cfg_1>true</Cfg_1>
			<CfgParent>Base</CfgParent>
			<Base>true</Base>
		</PropertyGroup>
		<PropertyGroup Condition="'$(Config)'=='デバッグ' or '$(Cfg_2)'!=''">
			<Cfg_2>true</Cfg_2>
			<CfgParent>Base</CfgParent>
			<Base>true</Base>
		</PropertyGroup>
		<PropertyGroup Condition="'$(Base)'!=''">
			<DCC_DependencyCheckOutputName>plug-ins\dnako.dll</DCC_DependencyCheckOutputName>
			<DCC_ImageBase>00400000</DCC_ImageBase>
			<DCC_UsePackage>vcl;rtl;vclx;indy;vclie;xmlrtl;inetdbbde;inet;inetdbxpress;dbrtl;soaprtl;dsnap;VclSmp;dbexpress;vcldb;dbxcds;inetdb;bdertl;vcldbx;adortl;teeui;teedb;tee;ibxpress;visualclx;visualdbclx;vclactnband;vclshlctrls;dclOfficeXP;dclqa30</DCC_UsePackage>
			<DCC_UnitAlias>WinTypes=Windows;WinProcs=Windows;DbiTypes=BDE;DbiProcs=BDE;DbiErrs=BDE;$(DCC_UnitAlias)</DCC_UnitAlias>
			<DCC_Platform>x86</DCC_Platform>
			<DCC_ExeOutput>plug-ins\</DCC_ExeOutput>
			<DCC_SymbolReferenceInfo>1</DCC_SymbolReferenceInfo>
			<DCC_N>true</DCC_N>
			<DCC_S>false</DCC_S>
			<GenDll>true</GenDll>
			<DCC_E>false</DCC_E>
			<DCC_F>false</DCC_F>
			<DCC_K>false</DCC_K>
		</PropertyGroup>
		<PropertyGroup Condition="'$(Cfg_1)'!=''">
			<DCC_LocalDebugSymbols>false</DCC_LocalDebugSymbols>
			<DCC_Define>RELEASE;$(DCC_Define)</DCC_Define>
			<DCC_SymbolReferenceInfo>0</DCC_SymbolReferenceInfo>
			<DCC_DebugInformation>false</DCC_DebugInformation>
		</PropertyGroup>
		<PropertyGroup Condition="'$(Cfg_2)'!=''">
			<DCC_Define>DEBUG;$(DCC_Define)</DCC_Define>
		</PropertyGroup>
		<ItemGroup>
			<DelphiCompile Include="dnako.dpr">
				<MainSource>MainSource</MainSource>
			</DelphiCompile>
			<DCCReference Include="nadesiko_version.pas"/>
			<DCCReference Include="hi_unit\hima_system.pas"/>
			<DCCReference Include="hi_unit\hima_parser.pas"/>
			<DCCReference Include="hi_unit\hima_function.pas"/>
			<DCCReference Include="hi_unit\unit_windows_api.pas"/>
			<DCCReference Include="hi_unit\hima_error.pas"/>
			<DCCReference Include="hi_unit\hima_string.pas"/>
			<DCCReference Include="hi_unit\hima_token.pas"/>
			<DCCReference Include="hi_unit\hima_types.pas"/>
			<DCCReference Include="hi_unit\hima_variable.pas"/>
			<DCCReference Include="hi_unit\hima_variable_ex.pas"/>
			<DCCReference Include="hi_unit\hima_variable_lib.pas"/>
			<DCCReference Include="hi_unit\unit_file_dnako.pas"/>
			<DCCReference Include="hi_unit\unit_string.pas"/>
			<DCCReference Include="hi_unit\BRegExp.pas"/>
			<DCCReference Include="hi_unit\mini_func.pas"/>
			<DCCReference Include="hi_unit\mini_file_utils.pas"/>
			<DCCReference Include="hi_unit\hima_stream.pas"/>
			<DCCReference Include="hi_unit\unit_pack_files.pas"/>
			<DCCReference Include="hi_unit\nako_dialog_const.pas"/>
			<DCCReference Include="hi_unit\nako_dialog_function2.pas"/>
			<DCCReference Include="hi_unit\common_function.pas"/>
			<DCCReference Include="hi_unit\unit_text_file.pas"/>
			<DCCReference Include="hi_unit\mt19937.pas"/>
			<DCCReference Include="hi_unit\wildcard2.pas"/>
			<DCCReference Include="hi_unit\unit_blowfish.pas"/>
			<DCCReference Include="hi_unit\BlowFish.pas"/>
			<DCCReference Include="hi_unit\CryptUtils.pas"/>
			<DCCReference Include="hi_unit\unit_file.pas"/>
			<DCCReference Include="hi_unit\EasyMasks.pas">
				<Form>$ENDIF</Form>
			</DCCReference>
			<DCCReference Include="hi_unit\unit_date.pas"/>
			<BuildConfiguration Include="Base">
				<Key>Base</Key>
			</BuildConfiguration>
			<BuildConfiguration Include="デバッグ">
				<Key>Cfg_2</Key>
				<CfgParent>Base</CfgParent>
			</BuildConfiguration>
			<BuildConfiguration Include="リリース">
				<Key>Cfg_1</Key>
				<CfgParent>Base</CfgParent>
			</BuildConfiguration>
		</ItemGroup>
		<Import Project="$(BDS)\Bin\CodeGear.Delphi.Targets" Condition="Exists('$(BDS)\Bin\CodeGear.Delphi.Targets')"/>
		<ProjectExtensions>
			<Borland.Personality>Delphi.Personality.12</Borland.Personality>
			<Borland.ProjectType>VCLApplication</Borland.ProjectType>
			<BorlandProject>
				<Delphi.Personality>
					<Source>
						<Source Name="MainSource">dnako.dpr</Source>
					</Source>
					<Parameters>
						<Parameters Name="RunParams">test.nako -debug</Parameters>
						<Parameters Name="HostApplication">C:\svn\nadesiko\vnako.exe</Parameters>
						<Parameters Name="UseLauncher">False</Parameters>
						<Parameters Name="LoadAllSymbols">True</Parameters>
						<Parameters Name="LoadUnspecifiedSymbols">False</Parameters>
					</Parameters>
					<VersionInfo>
						<VersionInfo Name="IncludeVerInfo">False</VersionInfo>
						<VersionInfo Name="AutoIncBuild">False</VersionInfo>
						<VersionInfo Name="MajorVer">1</VersionInfo>
						<VersionInfo Name="MinorVer">0</VersionInfo>
						<VersionInfo Name="Release">0</VersionInfo>
						<VersionInfo Name="Build">0</VersionInfo>
						<VersionInfo Name="Debug">False</VersionInfo>
						<VersionInfo Name="PreRelease">False</VersionInfo>
						<VersionInfo Name="Special">False</VersionInfo>
						<VersionInfo Name="Private">False</VersionInfo>
						<VersionInfo Name="DLL">False</VersionInfo>
						<VersionInfo Name="Locale">1041</VersionInfo>
						<VersionInfo Name="CodePage">932</VersionInfo>
					</VersionInfo>
					<VersionInfoKeys>
						<VersionInfoKeys Name="CompanyName"/>
						<VersionInfoKeys Name="FileDescription"/>
						<VersionInfoKeys Name="FileVersion">1.0.0.0</VersionInfoKeys>
						<VersionInfoKeys Name="InternalName"/>
						<VersionInfoKeys Name="LegalCopyright"/>
						<VersionInfoKeys Name="LegalTrademarks"/>
						<VersionInfoKeys Name="OriginalFilename"/>
						<VersionInfoKeys Name="ProductName"/>
						<VersionInfoKeys Name="ProductVersion">1.0.0.0</VersionInfoKeys>
						<VersionInfoKeys Name="Comments"/>
					</VersionInfoKeys>
					<Excluded_Packages>
						<Excluded_Packages Name="$(BDS)\bin\bcboffice2k120.bpl">CodeGear C++Builder Office 2000 Servers Package</Excluded_Packages>
						<Excluded_Packages Name="$(BDS)\bin\bcbofficexp120.bpl">CodeGear C++Builder Office XP Servers Package</Excluded_Packages>
						<Excluded_Packages Name="$(BDS)\bin\dcloffice2k120.bpl">Microsoft Office 2000 Sample Automation Server Wrapper Components</Excluded_Packages>
						<Excluded_Packages Name="$(BDS)\bin\dclofficexp120.bpl">Microsoft Office XP Sample Automation Server Wrapper Components</Excluded_Packages>
					</Excluded_Packages>
				</Delphi.Personality>
			</BorlandProject>
			<ProjectFileVersion>12</ProjectFileVersion>
		</ProjectExtensions>
	</Project>
